PODS:
  - NVActivityIndicatorView (5.1.1):
    - NVActivityIndicatorView/Base (= 5.1.1)
  - NVActivityIndicatorView/Base (5.1.1)
  - SDWebImage (5.12.3):
    - SDWebImage/Core (= 5.12.3)
  - SDWebImage/Core (5.12.3)

DEPENDENCIES:
  - NVActivityIndicatorView
  - SDWebImage (~> 5.0)

SPEC REPOS:
  trunk:
    - NVActivityIndicatorView
    - SDWebImage

SPEC CHECKSUMS:
  NVActivityIndicatorView: 1f6c5687f1171810aa27a3296814dc2d7dec3667
  SDWebImage: 53179a2dba77246efa8a9b85f5c5b21f8f43e38f

PODFILE CHECKSUM: 4cc391a2d54a8b59170aa0008e5171284fa5f76b

COCOAPODS: 1.11.2
